
Microsoft Visual Studio Solution File, Format Version 12.00
# Visual Studio 15
VisualStudioVersion = 15.0.28307.136
MinimumVisualStudioVersion = 10.0.40219.1
Project("{FAE04EC0-301F-11D3-BF4B-00C04F79EFBC}") = "App1.Android", "App1\App1.Android\App1.Android.csproj", "{FEE37A74-6F72-453B-AD92-6ED1A7C6AED2}"
EndProject
Project("{FAE04EC0-301F-11D3-BF4B-00C04F79EFBC}") = "App1.iOS", "App1\App1.iOS\App1.iOS.csproj", "{2AF07AE6-2736-438B-B443-94BD04292A36}"
EndProject
Project("{FAE04EC0-301F-11D3-BF4B-00C04F79EFBC}") = "App1", "App1\App1\App1.csproj", "{A22D9B19-7EB1-4248-A087-589A822C1639}"
EndProject
Global
	GlobalSection(SolutionConfigurationPlatforms) = preSolution
		Ad-Hoc|Any CPU = Ad-Hoc|Any CPU
		Ad-Hoc|iPhone = Ad-Hoc|iPhone
		Ad-Hoc|iPhoneSimulator = Ad-Hoc|iPhoneSimulator
		AppStore|Any CPU = AppStore|Any CPU
		AppStore|iPhone = AppStore|iPhone
		AppStore|iPhoneSimulator = AppStore|iPhoneSimulator
		Debug|Any CPU = Debug|Any CPU
		Debug|iPhone = Debug|iPhone
		Debug|iPhoneSimulator = Debug|iPhoneSimulator
		Release|Any CPU = Release|Any CPU
		Release|iPhone = Release|iPhone
		Release|iPhoneSimulator = Release|iPhoneSimulator
	EndGlobalSection
	GlobalSection(ProjectConfigurationPlatforms) = postSolution
		{FEE37A74-6F72-453B-AD92-6ED1A7C6AED2}.Ad-Hoc|Any CPU.ActiveCfg = Release|Any CPU
		{FEE37A74-6F72-453B-AD92-6ED1A7C6AED2}.Ad-Hoc|Any CPU.Build.0 = Release|Any CPU
		{FEE37A74-6F72-453B-AD92-6ED1A7C6AED2}.Ad-Hoc|Any CPU.Deploy.0 = Release|Any CPU
		{FEE37A74-6F72-453B-AD92-6ED1A7C6AED2}.Ad-Hoc|iPhone.ActiveCfg = Release|Any CPU
		{FEE37A74-6F72-453B-AD92-6ED1A7C6AED2}.Ad-Hoc|iPhone.Build.0 = Release|Any CPU
		{FEE37A74-6F72-453B-AD92-6ED1A7C6AED2}.Ad-Hoc|iPhone.Deploy.0 = Release|Any CPU
		{FEE37A74-6F72-453B-AD92-6ED1A7C6AED2}.Ad-Hoc|iPhoneSimulator.ActiveCfg = Release|Any CPU
		{FEE37A74-6F72-453B-AD92-6ED1A7C6AED2}.Ad-Hoc|iPhoneSimulator.Build.0 = Release|Any CPU
		{FEE37A74-6F72-453B-AD92-6ED1A7C6AED2}.Ad-Hoc|iPhoneSimulator.Deploy.0 = Release|Any CPU
		{FEE37A74-6F72-453B-AD92-6ED1A7C6AED2}.AppStore|Any CPU.ActiveCfg = Release|Any CPU
		{FEE37A74-6F72-453B-AD92-6ED1A7C6AED2}.AppStore|Any CPU.Build.0 = Release|Any CPU
		{FEE37A74-6F72-453B-AD92-6ED1A7C6AED2}.AppStore|Any CPU.Deploy.0 = Release|Any CPU
		{FEE37A74-6F72-453B-AD92-6ED1A7C6AED2}.AppStore|iPhone.ActiveCfg = Release|Any CPU
		{FEE37A74-6F72-453B-AD92-6ED1A7C6AED2}.AppStore|iPhone.Build.0 = Release|Any CPU
		{FEE37A74-6F72-453B-AD92-6ED1A7C6AED2}.AppStore|iPhone.Deploy.0 = Release|Any CPU
		{FEE37A74-6F72-453B-AD92-6ED1A7C6AED2}.AppStore|iPhoneSimulator.ActiveCfg = Release|Any CPU
		{FEE37A74-6F72-453B-AD92-6ED1A7C6AED2}.AppStore|iPhoneSimulator.Build.0 = Release|Any CPU
		{FEE37A74-6F72-453B-AD92-6ED1A7C6AED2}.AppStore|iPhoneSimulator.Deploy.0 = Release|Any CPU
		{FEE37A74-6F72-453B-AD92-6ED1A7C6AED2}.Debug|Any CPU.ActiveCfg = Debug|Any CPU
		{FEE37A74-6F72-453B-AD92-6ED1A7C6AED2}.Debug|Any CPU.Build.0 = Debug|Any CPU
		{FEE37A74-6F72-453B-AD92-6ED1A7C6AED2}.Debug|Any CPU.Deploy.0 = Debug|Any CPU
		{FEE37A74-6F72-453B-AD92-6ED1A7C6AED2}.Debug|iPhone.ActiveCfg = Debug|Any CPU
		{FEE37A74-6F72-453B-AD92-6ED1A7C6AED2}.Debug|iPhone.Build.0 = Debug|Any CPU
		{FEE37A74-6F72-453B-AD92-6ED1A7C6AED2}.Debug|iPhone.Deploy.0 = Debug|Any CPU
		{FEE37A74-6F72-453B-AD92-6ED1A7C6AED2}.Debug|iPhoneSimulator.ActiveCfg = Debug|Any CPU
		{FEE37A74-6F72-453B-AD92-6ED1A7C6AED2}.Debug|iPhoneSimulator.Build.0 = Debug|Any CPU
		{FEE37A74-6F72-453B-AD92-6ED1A7C6AED2}.Debug|iPhoneSimulator.Deploy.0 = Debug|Any CPU
		{FEE37A74-6F72-453B-AD92-6ED1A7C6AED2}.Release|Any CPU.ActiveCfg = Release|Any CPU
		{FEE37A74-6F72-453B-AD92-6ED1A7C6AED2}.Release|Any CPU.Build.0 = Release|Any CPU
		{FEE37A74-6F72-453B-AD92-6ED1A7C6AED2}.Release|Any CPU.Deploy.0 = Release|Any CPU
		{FEE37A74-6F72-453B-AD92-6ED1A7C6AED2}.Release|iPhone.ActiveCfg = Release|Any CPU
		{FEE37A74-6F72-453B-AD92-6ED1A7C6AED2}.Release|iPhone.Build.0 = Release|Any CPU
		{FEE37A74-6F72-453B-AD92-6ED1A7C6AED2}.Release|iPhone.Deploy.0 = Release|Any CPU
		{FEE37A74-6F72-453B-AD92-6ED1A7C6AED2}.Release|iPhoneSimulator.ActiveCfg = Release|Any CPU
		{FEE37A74-6F72-453B-AD92-6ED1A7C6AED2}.Release|iPhoneSimulator.Build.0 = Release|Any CPU
		{FEE37A74-6F72-453B-AD92-6ED1A7C6AED2}.Release|iPhoneSimulator.Deploy.0 = Release|Any CPU
		{2AF07AE6-2736-438B-B443-94BD04292A36}.Ad-Hoc|Any CPU.ActiveCfg = Ad-Hoc|iPhone
		{2AF07AE6-2736-438B-B443-94BD04292A36}.Ad-Hoc|Any CPU.Build.0 = Ad-Hoc|iPhone
		{2AF07AE6-2736-438B-B443-94BD04292A36}.Ad-Hoc|Any CPU.Deploy.0 = Ad-Hoc|iPhone
		{2AF07AE6-2736-438B-B443-94BD04292A36}.Ad-Hoc|iPhone.ActiveCfg = Ad-Hoc|iPhone
		{2AF07AE6-2736-438B-B443-94BD04292A36}.Ad-Hoc|iPhone.Build.0 = Ad-Hoc|iPhone
		{2AF07AE6-2736-438B-B443-94BD04292A36}.Ad-Hoc|iPhone.Deploy.0 = Ad-Hoc|iPhone
		{2AF07AE6-2736-438B-B443-94BD04292A36}.Ad-Hoc|iPhoneSimulator.ActiveCfg = Ad-Hoc|iPhoneSimulator
		{2AF07AE6-2736-438B-B443-94BD04292A36}.Ad-Hoc|iPhoneSimulator.Build.0 = Ad-Hoc|iPhoneSimulator
		{2AF07AE6-2736-438B-B443-94BD04292A36}.Ad-Hoc|iPhoneSimulator.Deploy.0 = Ad-Hoc|iPhoneSimulator
		{2AF07AE6-2736-438B-B443-94BD04292A36}.AppStore|Any CPU.ActiveCfg = AppStore|iPhone
		{2AF07AE6-2736-438B-B443-94BD04292A36}.AppStore|Any CPU.Build.0 = AppStore|iPhone
		{2AF07AE6-2736-438B-B443-94BD04292A36}.AppStore|Any CPU.Deploy.0 = AppStore|iPhone
		{2AF07AE6-2736-438B-B443-94BD04292A36}.AppStore|iPhone.ActiveCfg = AppStore|iPhone
		{2AF07AE6-2736-438B-B443-94BD04292A36}.AppStore|iPhone.Build.0 = AppStore|iPhone
		{2AF07AE6-2736-438B-B443-94BD04292A36}.AppStore|iPhone.Deploy.0 = AppStore|iPhone
		{2AF07AE6-2736-438B-B443-94BD04292A36}.AppStore|iPhoneSimulator.ActiveCfg = AppStore|iPhoneSimulator
		{2AF07AE6-2736-438B-B443-94BD04292A36}.AppStore|iPhoneSimulator.Build.0 = AppStore|iPhoneSimulator
		{2AF07AE6-2736-438B-B443-94BD04292A36}.AppStore|iPhoneSimulator.Deploy.0 = AppStore|iPhoneSimulator
		{2AF07AE6-2736-438B-B443-94BD04292A36}.Debug|Any CPU.ActiveCfg = Debug|iPhoneSimulator
		{2AF07AE6-2736-438B-B443-94BD04292A36}.Debug|Any CPU.Build.0 = Debug|iPhoneSimulator
		{2AF07AE6-2736-438B-B443-94BD04292A36}.Debug|Any CPU.Deploy.0 = Debug|iPhoneSimulator
		{2AF07AE6-2736-438B-B443-94BD04292A36}.Debug|iPhone.ActiveCfg = Debug|iPhone
		{2AF07AE6-2736-438B-B443-94BD04292A36}.Debug|iPhone.Build.0 = Debug|iPhone
		{2AF07AE6-2736-438B-B443-94BD04292A36}.Debug|iPhone.Deploy.0 = Debug|iPhone
		{2AF07AE6-2736-438B-B443-94BD04292A36}.Debug|iPhoneSimulator.ActiveCfg = Debug|iPhoneSimulator
		{2AF07AE6-2736-438B-B443-94BD04292A36}.Debug|iPhoneSimulator.Build.0 = Debug|iPhoneSimulator
		{2AF07AE6-2736-438B-B443-94BD04292A36}.Debug|iPhoneSimulator.Deploy.0 = Debug|iPhoneSimulator
		{2AF07AE6-2736-438B-B443-94BD04292A36}.Release|Any CPU.ActiveCfg = Release|iPhone
		{2AF07AE6-2736-438B-B443-94BD04292A36}.Release|Any CPU.Build.0 = Release|iPhone
		{2AF07AE6-2736-438B-B443-94BD04292A36}.Release|Any CPU.Deploy.0 = Release|iPhone
		{2AF07AE6-2736-438B-B443-94BD04292A36}.Release|iPhone.ActiveCfg = Release|iPhone
		{2AF07AE6-2736-438B-B443-94BD04292A36}.Release|iPhone.Build.0 = Release|iPhone
		{2AF07AE6-2736-438B-B443-94BD04292A36}.Release|iPhone.Deploy.0 = Release|iPhone
		{2AF07AE6-2736-438B-B443-94BD04292A36}.Release|iPhoneSimulator.ActiveCfg = Release|iPhoneSimulator
		{2AF07AE6-2736-438B-B443-94BD04292A36}.Release|iPhoneSimulator.Build.0 = Release|iPhoneSimulator
		{2AF07AE6-2736-438B-B443-94BD04292A36}.Release|iPhoneSimulator.Deploy.0 = Release|iPhoneSimulator
		{A22D9B19-7EB1-4248-A087-589A822C1639}.Ad-Hoc|Any CPU.ActiveCfg = Debug|Any CPU
		{A22D9B19-7EB1-4248-A087-589A822C1639}.Ad-Hoc|Any CPU.Build.0 = Debug|Any CPU
		{A22D9B19-7EB1-4248-A087-589A822C1639}.Ad-Hoc|Any CPU.Deploy.0 = Debug|Any CPU
		{A22D9B19-7EB1-4248-A087-589A822C1639}.Ad-Hoc|iPhone.ActiveCfg = Debug|Any CPU
		{A22D9B19-7EB1-4248-A087-589A822C1639}.Ad-Hoc|iPhone.Build.0 = Debug|Any CPU
		{A22D9B19-7EB1-4248-A087-589A822C1639}.Ad-Hoc|iPhone.Deploy.0 = Debug|Any CPU
		{A22D9B19-7EB1-4248-A087-589A822C1639}.Ad-Hoc|iPhoneSimulator.ActiveCfg = Debug|Any CPU
		{A22D9B19-7EB1-4248-A087-589A822C1639}.Ad-Hoc|iPhoneSimulator.Build.0 = Debug|Any CPU
		{A22D9B19-7EB1-4248-A087-589A822C1639}.Ad-Hoc|iPhoneSimulator.Deploy.0 = Debug|Any CPU
		{A22D9B19-7EB1-4248-A087-589A822C1639}.AppStore|Any CPU.ActiveCfg = Debug|Any CPU
		{A22D9B19-7EB1-4248-A087-589A822C1639}.AppStore|Any CPU.Build.0 = Debug|Any CPU
		{A22D9B19-7EB1-4248-A087-589A822C1639}.AppStore|Any CPU.Deploy.0 = Debug|Any CPU
		{A22D9B19-7EB1-4248-A087-589A822C1639}.AppStore|iPhone.ActiveCfg = Debug|Any CPU
		{A22D9B19-7EB1-4248-A087-589A822C1639}.AppStore|iPhone.Build.0 = Debug|Any CPU
		{A22D9B19-7EB1-4248-A087-589A822C1639}.AppStore|iPhone.Deploy.0 = Debug|Any CPU
		{A22D9B19-7EB1-4248-A087-589A822C1639}.AppStore|iPhoneSimulator.ActiveCfg = Debug|Any CPU
		{A22D9B19-7EB1-4248-A087-589A822C1639}.AppStore|iPhoneSimulator.Build.0 = Debug|Any CPU
		{A22D9B19-7EB1-4248-A087-589A822C1639}.AppStore|iPhoneSimulator.Deploy.0 = Debug|Any CPU
		{A22D9B19-7EB1-4248-A087-589A822C1639}.Debug|Any CPU.ActiveCfg = Debug|Any CPU
		{A22D9B19-7EB1-4248-A087-589A822C1639}.Debug|Any CPU.Build.0 = Debug|Any CPU
		{A22D9B19-7EB1-4248-A087-589A822C1639}.Debug|Any CPU.Deploy.0 = Debug|Any CPU
		{A22D9B19-7EB1-4248-A087-589A822C1639}.Debug|iPhone.ActiveCfg = Debug|Any CPU
		{A22D9B19-7EB1-4248-A087-589A822C1639}.Debug|iPhone.Build.0 = Debug|Any CPU
		{A22D9B19-7EB1-4248-A087-589A822C1639}.Debug|iPhone.Deploy.0 = Debug|Any CPU
		{A22D9B19-7EB1-4248-A087-589A822C1639}.Debug|iPhoneSimulator.ActiveCfg = Debug|Any CPU
		{A22D9B19-7EB1-4248-A087-589A822C1639}.Debug|iPhoneSimulator.Build.0 = Debug|Any CPU
		{A22D9B19-7EB1-4248-A087-589A822C1639}.Debug|iPhoneSimulator.Deploy.0 = Debug|Any CPU
		{A22D9B19-7EB1-4248-A087-589A822C1639}.Release|Any CPU.ActiveCfg = Release|Any CPU
		{A22D9B19-7EB1-4248-A087-589A822C1639}.Release|Any CPU.Build.0 = Release|Any CPU
		{A22D9B19-7EB1-4248-A087-589A822C1639}.Release|Any CPU.Deploy.0 = Release|Any CPU
		{A22D9B19-7EB1-4248-A087-589A822C1639}.Release|iPhone.ActiveCfg = Release|Any CPU
		{A22D9B19-7EB1-4248-A087-589A822C1639}.Release|iPhone.Build.0 = Release|Any CPU
		{A22D9B19-7EB1-4248-A087-589A822C1639}.Release|iPhone.Deploy.0 = Release|Any CPU
		{A22D9B19-7EB1-4248-A087-589A822C1639}.Release|iPhoneSimulator.ActiveCfg = Release|Any CPU
		{A22D9B19-7EB1-4248-A087-589A822C1639}.Release|iPhoneSimulator.Build.0 = Release|Any CPU
		{A22D9B19-7EB1-4248-A087-589A822C1639}.Release|iPhoneSimulator.Deploy.0 = Release|Any CPU
	EndGlobalSection
	GlobalSection(SolutionProperties) = preSolution
		HideSolutionNode = FALSE
	EndGlobalSection
	GlobalSection(ExtensibilityGlobals) = postSolution
		SolutionGuid = {D181B1D2-3CDB-4C2A-899A-EB20690D33D6}
	EndGlobalSection
EndGlobal
